dependencies:
  espressif/button:
    component_hash: 1f5297fe16f0ee988dbb14b6f4c91782fe2baf85025bb15cc1e0093edd3fb2ee
    source:
      service_url: https://api.components.espressif.com/
      type: service
    version: 3.2.0
  espressif/cmake_utilities:
    component_hash: 351350613ceafba240b761b4ea991e0f231ac7a9f59a9ee901f751bddc0bb18f
    source:
      service_url: https://api.components.espressif.com/
      type: service
    version: 0.5.3
  espressif/esp_tinyusb:
    component_hash: 43d73c626724054db083ad2a537e8af223e3bca7a915fc38a9d9c6c7f2920a69
    source:
      service_url: https://api.components.espressif.com/
      type: service
    version: 1.4.3
  espressif/led_strip:
    component_hash: 67d2744208e9c12d8b1992d21c979396c1726e57cb7e35e7c171c515be20f8ea
    source:
      service_url: https://api.components.espressif.com/
      type: service
    version: 2.5.3
  espressif/tinyusb:
    component_hash: a11195d4c7c385aa2b1430009486dd4007920307d13b7db474a62ff040907d8f
    source:
      service_url: https://api.components.espressif.com/
      type: service
    version: 0.15.0~4
  idf:
    component_hash: null
    source:
      type: idf
    version: 5.2.0
manifest_hash: ccf2524a9ff15e1aa740c23c36545cf8618954ef45207f0a4f74a639bf9b5569
target: esp32s3
version: 1.0.0
